// !$*UTF8*$!
{
	archiveVersion = 1;
	classes = {
	};
	objectVersion = 46;
	objects = {

/* Begin PBXBuildFile section */
		84FFEE9B1BA73E11003F73BD /* main.m in Sources */ = {isa = PBXBuildFile; fileRef = 84FFEE9A1BA73E11003F73BD /* main.m */; };
		84FFEE9E1BA73E11003F73BD /* AppDelegate.m in Sources */ = {isa = PBXBuildFile; fileRef = 84FFEE9D1BA73E11003F73BD /* AppDelegate.m */; };
		84FFEEA11BA73E11003F73BD /* ViewController.m in Sources */ = {isa = PBXBuildFile; fileRef = 84FFEEA01BA73E11003F73BD /* ViewController.m */; };
		84FFEEA41BA73E11003F73BD /* Main.storyboard in Resources */ = {isa = PBXBuildFile; fileRef = 84FFEEA21BA73E11003F73BD /* Main.storyboard */; };
		84FFEEA61BA73E11003F73BD /* Images.xcassets in Resources */ = {isa = PBXBuildFile; fileRef = 84FFEEA51BA73E11003F73BD /* Images.xcassets */; };
		84FFEEA91BA73E11003F73BD /* LaunchScreen.xib in Resources */ = {isa = PBXBuildFile; fileRef = 84FFEEA71BA73E11003F73BD /* LaunchScreen.xib */; };
		84FFEEB51BA73E11003F73BD /* HochuTests.m in Sources */ = {isa = PBXBuildFile; fileRef = 84FFEEB41BA73E11003F73BD /* HochuTests.m */; };
/* End PBXBuildFile section */

/* Begin PBXContainerItemProxy section */
		84FFEEAF1BA73E11003F73BD /* PBXContainerItemProxy */ = {
			isa = PBXContainerItemProxy;
			containerPortal = 84FFEE8D1BA73E11003F73BD /* Project object */;
			proxyType = 1;
			remoteGlobalIDString = 84FFEE941BA73E11003F73BD;
			remoteInfo = Hochu;
		};
/* End PBXContainerItemProxy section */

/* Begin PBXFileReference section */
		84FFEE951BA73E11003F73BD /* Hochu.app */ = {isa = PBXFileReference; explicitFileType = wrapper.application; includeInIndex = 0; path = Hochu.app; sourceTree = BUILT_PRODUCTS_DIR; };
		84FFEE991BA73E11003F73BD /* Info.plist */ = {isa = PBXFileReference; lastKnownFileType = text.plist.xml; path = Info.plist; sourceTree = "<group>"; };
		84FFEE9A1BA73E11003F73BD /* main.m */ = {isa = PBXFileReference; lastKnownFileType = sourcecode.c.objc; path = main.m; sourceTree = "<group>"; };
		84FFEE9C1BA73E11003F73BD /* AppDelegate.h */ = {isa = PBXFileReference; lastKnownFileType = sourcecode.c.h; path = AppDelegate.h; sourceTree = "<group>"; };
		84FFEE9D1BA73E11003F73BD /* AppDelegate.m */ = {isa = PBXFileReference; lastKnownFileType = sourcecode.c.objc; path = AppDelegate.m; sourceTree = "<group>"; };
		84FFEE9F1BA73E11003F73BD /* ViewController.h */ = {isa = PBXFileReference; lastKnownFileType = sourcecode.c.h; path = ViewController.h; sourceTree = "<group>"; };
		84FFEEA01BA73E11003F73BD /* ViewController.m */ = {isa = PBXFileReference; lastKnownFileType = sourcecode.c.objc; path = ViewController.m; sourceTree = "<group>"; };
		84FFEEA31BA73E11003F73BD /* Base */ = {isa = PBXFileReference; lastKnownFileType = file.storyboard; name = Base; path = Base.lproj/Main.storyboard; sourceTree = "<group>"; };
		84FFEEA51BA73E11003F73BD /* Images.xcassets */ = {isa = PBXFileReference; lastKnownFileType = folder.assetcatalog; path = Images.xcassets; sourceTree = "<group>"; };
		84FFEEA81BA73E11003F73BD /* Base */ = {isa = PBXFileReference; lastKnownFileType = file.xib; name = Base; path = Base.lproj/LaunchScreen.xib; sourceTree = "<group>"; };
		84FFEEAE1BA73E11003F73BD /* HochuTests.xctest */ = {isa = PBXFileReference; explicitFileType = wrapper.cfbundle; includeInIndex = 0; path = HochuTests.xctest; sourceTree = BUILT_PRODUCTS_DIR; };
		84FFEEB31BA73E11003F73BD /* Info.plist */ = {isa = PBXFileReference; lastKnownFileType = text.plist.xml; path = Info.plist; sourceTree = "<group>"; };
		84FFEEB41BA73E11003F73BD /* HochuTests.m */ = {isa = PBXFileReference; lastKnownFileType = sourcecode.c.objc; path = HochuTests.m; sourceTree = "<group>"; };
/* End PBXFileReference section */

/* Begin PBXFrameworksBuildPhase section */
		84FFEE921BA73E11003F73BD /* Frameworks */ = {
			isa = PBXFrameworksBuildPhase;
			buildActionMask = 2147483647;
			files = (
			);
			runOnlyForDeploymentPostprocessing = 0;
		};
		84FFEEAB1BA73E11003F73BD /* Frameworks */ = {
			isa = PBXFrameworksBuildPhase;
			buildActionMask = 2147483647;
			files = (
			);
			runOnlyForDeploymentPostprocessing = 0;
		};
/* End PBXFrameworksBuildPhase section */

/* Begin PBXGroup section */
		84FFEE8C1BA73E11003F73BD = {
			isa = PBXGroup;
			children = (
				84FFEE971BA73E11003F73BD /* Hochu */,
				84FFEEB11BA73E11003F73BD /* HochuTests */,
				84FFEE961BA73E11003F73BD /* Products */,
			);
			sourceTree = "<group>";
		};
		84FFEE961BA73E11003F73BD /* Products */ = {
			isa = PBXGroup;
			children = (
				84FFEE951BA73E11003F73BD /* Hochu.app */,
				84FFEEAE1BA73E11003F73BD /* HochuTests.xctest */,
			);
			name = Products;
			sourceTree = "<group>";
		};
		84FFEE971BA73E11003F73BD /* Hochu */ = {
			isa = PBXGroup;
			children = (
				84FFEE9C1BA73E11003F73BD /* AppDelegate.h */,
				84FFEE9D1BA73E11003F73BD /* AppDelegate.m */,
				84FFEE9F1BA73E11003F73BD /* ViewController.h */,
				84FFEEA01BA73E11003F73BD /* ViewController.m */,
				84FFEEA21BA73E11003F73BD /* Main.storyboard */,
				84FFEEA51BA73E11003F73BD /* Images.xcassets */,
				84FFEEA71BA73E11003F73BD /* LaunchScreen.xib */,
				84FFEE981BA73E11003F73BD /* Supporting Files */,
			);
			path = Hochu;
			sourceTree = "<group>";
		};
		84FFEE981BA73E11003F73BD /* Supporting Files */ = {
			isa = PBXGroup;
			children = (
				84FFEE991BA73E11003F73BD /* Info.plist */,
				84FFEE9A1BA73E11003F73BD /* main.m */,
			);
			name = "Supporting Files";
			sourceTree = "<group>";
		};
		84FFEEB11BA73E11003F73BD /* HochuTests */ = {
			isa = PBXGroup;
			children = (
				84FFEEB41BA73E11003F73BD /* HochuTests.m */,
				84FFEEB21BA73E11003F73BD /* Supporting Files */,
			);
			path = HochuTests;
			sourceTree = "<group>";
		};
		84FFEEB21BA73E11003F73BD /* Supporting Files */ = {
			isa = PBXGroup;
			children = (
				84FFEEB31BA73E11003F73BD /* Info.plist */,
			);
			name = "Supporting Files";
			sourceTree = "<group>";
		};
/* End PBXGroup section */

/* Begin PBXNativeTarget section */
		84FFEE941BA73E11003F73BD /* Hochu */ = {
			isa = PBXNativeTarget;
			buildConfigurationList = 84FFEEB81BA73E11003F73BD /* Build configuration list for PBXNativeTarget "Hochu" */;
			buildPhases = (
				84FFEE911BA73E11003F73BD /* Sources */,
				84FFEE921BA73E11003F73BD /* Frameworks */,
				84FFEE931BA73E11003F73BD /* Resources */,
			);
			buildRules = (
			);
			dependencies = (
			);
			name = Hochu;
			productName = Hochu;
			productReference = 84FFEE951BA73E11003F73BD /* Hochu.app */;
			productType = "com.apple.product-type.application";
		};
		84FFEEAD1BA73E11003F73BD /* HochuTests */ = {
			isa = PBXNativeTarget;
			buildConfigurationList = 84FFEEBB1BA73E11003F73BD /* Build configuration list for PBXNativeTarget "HochuTests" */;
			buildPhases = (
				84FFEEAA1BA73E11003F73BD /* Sources */,
				84FFEEAB1BA73E11003F73BD /* Frameworks */,
				84FFEEAC1BA73E11003F73BD /* Resources */,
			);
			buildRules = (
			);
			dependencies = (
				84FFEEB01BA73E11003F73BD /* PBXTargetDependency */,
			);
			name = HochuTests;
			productName = HochuTests;
			productReference = 84FFEEAE1BA73E11003F73BD /* HochuTests.xctest */;
			productType = "com.apple.product-type.bundle.unit-test";
		};
/* End PBXNativeTarget section */

/* Begin PBXProject section */
		84FFEE8D1BA73E11003F73BD /* Project object */ = {
			isa = PBXProject;
			attributes = {
				LastUpgradeCheck = 0640;
				ORGANIZATIONNAME = "Andew Medvedev";
				TargetAttributes = {
					84FFEE941BA73E11003F73BD = {
						CreatedOnToolsVersion = 6.4;
					};
					84FFEEAD1BA73E11003F73BD = {
						CreatedOnToolsVersion = 6.4;
						TestTargetID = 84FFEE941BA73E11003F73BD;
					};
				};
			};
			buildConfigurationList = 84FFEE901BA73E11003F73BD /* Build configuration list for PBXProject "Hochu" */;
			compatibilityVersion = "Xcode 3.2";
			developmentRegion = English;
			hasScannedForEncodings = 0;
			knownRegions = (
				en,
				Base,
			);
			mainGroup = 84FFEE8C1BA73E11003F73BD;
			productRefGroup = 84FFEE961BA73E11003F73BD /* Products */;
			projectDirPath = "";
			projectRoot = "";
			targets = (
				84FFEE941BA73E11003F73BD /* Hochu */,
				84FFEEAD1BA73E11003F73BD /* HochuTests */,
			);
		};
/* End PBXProject section */

/* Begin PBXResourcesBuildPhase section */
		84FFEE931BA73E11003F73BD /* Resources */ = {
			isa = PBXResourcesBuildPhase;
			buildActionMask = 2147483647;
			files = (
				84FFEEA41BA73E11003F73BD /* Main.storyboard in Resources */,
				84FFEEA91BA73E11003F73BD /* LaunchScreen.xib in Resources */,
				84FFEEA61BA73E11003F73BD /* Images.xcassets in Resources */,
			);
			runOnlyForDeploymentPostprocessing = 0;
		};
		84FFEEAC1BA73E11003F73BD /* Resources */ = {
			isa = PBXResourcesBuildPhase;
			buildActionMask = 2147483647;
			files = (
			);
			runOnlyForDeploymentPostprocessing = 0;
		};
/* End PBXResourcesBuildPhase section */

/* Begin PBXSourcesBuildPhase section */
		84FFEE911BA73E11003F73BD /* Sources */ = {
			isa = PBXSourcesBuildPhase;
			buildActionMask = 2147483647;
			files = (
				84FFEEA11BA73E11003F73BD /* ViewController.m in Sources */,
				84FFEE9E1BA73E11003F73BD /* AppDelegate.m in Sources */,
				84FFEE9B1BA73E11003F73BD /* main.m in Sources */,
			);
			runOnlyForDeploymentPostprocessing = 0;
		};
		84FFEEAA1BA73E11003F73BD /* Sources */ = {
			isa = PBXSourcesBuildPhase;
			buildActionMask = 2147483647;
			files = (
				84FFEEB51BA73E11003F73BD /* HochuTests.m in Sources */,
			);
			runOnlyForDeploymentPostprocessing = 0;
		};
/* End PBXSourcesBuildPhase section */

/* Begin PBXTargetDependency section */
		84FFEEB01BA73E11003F73BD /* PBXTargetDependency */ = {
			isa = PBXTargetDependency;
			target = 84FFEE941BA73E11003F73BD /* Hochu */;
			targetProxy = 84FFEEAF1BA73E11003F73BD /* PBXContainerItemProxy */;
		};
/* End PBXTargetDependency section */

/* Begin PBXVariantGroup section */
		84FFEEA21BA73E11003F73BD /* Main.storyboard */ = {
			isa = PBXVariantGroup;
			children = (
				84FFEEA31BA73E11003F73BD /* Base */,
			);
			name = Main.storyboard;
			sourceTree = "<group>";
		};
		84FFEEA71BA73E11003F73BD /* LaunchScreen.xib */ = {
			isa = PBXVariantGroup;
			children = (
				84FFEEA81BA73E11003F73BD /* Base */,
			);
			name = LaunchScreen.xib;
			sourceTree = "<group>";
		};
/* End PBXVariantGroup section */

/* Begin XCBuildConfiguration section */
		84FFEEB61BA73E11003F73BD /* Debug */ = {
			isa = XCBuildConfiguration;
			buildSettings = {
				ALWAYS_SEARCH_USER_PATHS = NO;
				CLANG_CXX_LANGUAGE_STANDARD = "gnu++0x";
				CLANG_CXX_LIBRARY = "libc++";
				CLANG_ENABLE_MODULES = YES;
				CLANG_ENABLE_OBJC_ARC = YES;
				CLANG_WARN_BOOL_CONVERSION = YES;
				CLANG_WARN_CONSTANT_CONVERSION = YES;
				CLANG_WARN_DIRECT_OBJC_ISA_USAGE = YES_ERROR;
				CLANG_WARN_EMPTY_BODY = YES;
				CLANG_WARN_ENUM_CONVERSION = YES;
				CLANG_WARN_INT_CONVERSION = YES;
				CLANG_WARN_OBJC_ROOT_CLASS = YES_ERROR;
				CLANG_WARN_UNREACHABLE_CODE = YES;
				CLANG_WARN__DUPLICATE_METHOD_MATCH = YES;
				"CODE_SIGN_IDENTITY[sdk=iphoneos*]" = "iPhone Developer";
				COPY_PHASE_STRIP = NO;
				DEBUG_INFORMATION_FORMAT = "dwarf-with-dsym";
				ENABLE_STRICT_OBJC_MSGSEND = YES;
				GCC_C_LANGUAGE_STANDARD = gnu99;
				GCC_DYNAMIC_NO_PIC = NO;
				GCC_NO_COMMON_BLOCKS = YES;
				GCC_OPTIMIZATION_LEVEL = 0;
				GCC_PREPROCESSOR_DEFINITIONS = (
					"DEBUG=1",
					"$(inherited)",
				);
				GCC_SYMBOLS_PRIVATE_EXTERN = NO;
				GCC_WARN_64_TO_32_BIT_CONVERSION = YES;
				GCC_WARN_ABOUT_RETURN_TYPE = YES_ERROR;
				GCC_WARN_UNDECLARED_SELECTOR = YES;
				GCC_WARN_UNINITIALIZED_AUTOS = YES_AGGRESSIVE;
				GCC_WARN_UNUSED_FUNCTION = YES;
				GCC_WARN_UNUSED_VARIABLE = YES;
				IPHONEOS_DEPLOYMENT_TARGET = 8.4;
				MTL_ENABLE_DEBUG_INFO = YES;
				ONLY_ACTIVE_ARCH = YES;
				SDKROOT = iphoneos;
			};
			name = Debug;
		};
		84FFEEB71BA73E11003F73BD /* Release */ = {
			isa = XCBuildConfiguration;
			buildSettings = {
				ALWAYS_SEARCH_USER_PATHS = NO;
				CLANG_CXX_LANGUAGE_STANDARD = "gnu++0x";
				CLANG_CXX_LIBRARY = "libc++";
				CLANG_ENABLE_MODULES = YES;
				CLANG_ENABLE_OBJC_ARC = YES;
				CLANG_WARN_BOOL_CONVERSION = YES;
				CLANG_WARN_CONSTANT_CONVERSION = YES;
				CLANG_WARN_DIRECT_OBJC_ISA_USAGE = YES_ERROR;
				CLANG_WARN_EMPTY_BODY = YES;
				CLANG_WARN_ENUM_CONVERSION = YES;
				CLANG_WARN_INT_CONVERSION = YES;
				CLANG_WARN_OBJC_ROOT_CLASS = YES_ERROR;
				CLANG_WARN_UNREACHABLE_CODE = YES;
				CLANG_WARN__DUPLICATE_METHOD_MATCH = YES;
				"CODE_SIGN_IDENTITY[sdk=iphoneos*]" = "iPhone Developer";
				COPY_PHASE_STRIP = NO;
				DEBUG_INFORMATION_FORMAT = "dwarf-with-dsym";
				ENABLE_NS_ASSERTIONS = NO;
				ENABLE_STRICT_OBJC_MSGSEND = YES;
				GCC_C_LANGUAGE_STANDARD = gnu99;
				GCC_NO_COMMON_BLOCKS = YES;
				GCC_WARN_64_TO_32_BIT_CONVERSION = YES;
				GCC_WARN_ABOUT_RETURN_TYPE = YES_ERROR;
				GCC_WARN_UNDECLARED_SELECTOR = YES;
				GCC_WARN_UNINITIALIZED_AUTOS = YES_AGGRESSIVE;
				GCC_WARN_UNUSED_FUNCTION = YES;
				GCC_WARN_UNUSED_VARIABLE = YES;
				IPHONEOS_DEPLOYMENT_TARGET = 8.4;
				MTL_ENABLE_DEBUG_INFO = NO;
				SDKROOT = iphoneos;
				VALIDATE_PRODUCT = YES;
			};
			name = Release;
		};
		84FFEEB91BA73E11003F73BD /* Debug */ = {
			isa = XCBuildConfiguration;
			buildSettings = {
				ASSETCATALOG_COMPILER_APPICON_NAME = AppIcon;
				INFOPLIST_FILE = Hochu/Info.plist;
				LD_RUNPATH_SEARCH_PATHS = "$(inherited) @executable_path/Frameworks";
				PRODUCT_NAME = "$(TARGET_NAME)";
			};
			name = Debug;
		};
		84FFEEBA1BA73E11003F73BD /* Release */ = {
			isa = XCBuildConfiguration;
			buildSettings = {
				ASSETCATALOG_COMPILER_APPICON_NAME = AppIcon;
				INFOPLIST_FILE = Hochu/Info.plist;
				LD_RUNPATH_SEARCH_PATHS = "$(inherited) @executable_path/Frameworks";
				PRODUCT_NAME = "$(TARGET_NAME)";
			};
			name = Release;
		};
		84FFEEBC1BA73E11003F73BD /* Debug */ = {
			isa = XCBuildConfiguration;
			buildSettings = {
				BUNDLE_LOADER = "$(TEST_HOST)";
				FRAMEWORK_SEARCH_PATHS = (
					"$(SDKROOT)/Developer/Library/Frameworks",
					"$(inherited)",
				);
				GCC_PREPROCESSOR_DEFINITIONS = (
					"DEBUG=1",
					"$(inherited)",
				);
				INFOPLIST_FILE = HochuTests/Info.plist;
				LD_RUNPATH_SEARCH_PATHS = "$(inherited) @executable_path/Frameworks @loader_path/Frameworks";
				PRODUCT_NAME = "$(TARGET_NAME)";
				TEST_HOST = "$(BUILT_PRODUCTS_DIR)/Hochu.app/Hochu";
			};
			name = Debug;
		};
		84FFEEBD1BA73E11003F73BD /* Release */ = {
			isa = XCBuildConfiguration;
			buildSettings = {
				BUNDLE_LOADER = "$(TEST_HOST)";
				FRAMEWORK_SEARCH_PATHS = (
					"$(SDKROOT)/Developer/Library/Frameworks",
					"$(inherited)",
				);
				INFOPLIST_FILE = HochuTests/Info.plist;
				LD_RUNPATH_SEARCH_PATHS = "$(inherited) @executable_path/Frameworks @loader_path/Frameworks";
				PRODUCT_NAME = "$(TARGET_NAME)";
				TEST_HOST = "$(BUILT_PRODUCTS_DIR)/Hochu.app/Hochu";
			};
			name = Release;
		};
/* End XCBuildConfiguration section */

/* Begin XCConfigurationList section */
		84FFEE901BA73E11003F73BD /* Build configuration list for PBXProject "Hochu" */ = {
			isa = XCConfigurationList;
			buildConfigurations = (
				84FFEEB61BA73E11003F73BD /* Debug */,
				84FFEEB71BA73E11003F73BD /* Release */,
			);
			defaultConfigurationIsVisible = 0;
			defaultConfigurationName = Release;
		};
		84FFEEB81BA73E11003F73BD /* Build configuration list for PBXNativeTarget "Hochu" */ = {
			isa = XCConfigurationList;
			buildConfigurations = (
				84FFEEB91BA73E11003F73BD /* Debug */,
				84FFEEBA1BA73E11003F73BD /* Release */,
			);
			defaultConfigurationIsVisible = 0;
		};
		84FFEEBB1BA73E11003F73BD /* Build configuration list for PBXNativeTarget "HochuTests" */ = {
			isa = XCConfigurationList;
			buildConfigurations = (
				84FFEEBC1BA73E11003F73BD /* Debug */,
				84FFEEBD1BA73E11003F73BD /* Release */,
			);
			defaultConfigurationIsVisible = 0;
		};
/* End XCConfigurationList section */
	};
	rootObject = 84FFEE8D1BA73E11003F73BD /* Project object */;
}
